
Microsoft Visual Studio Solution File, Format Version 12.00
# Visual Studio Version 17
VisualStudioVersion = 17.14.36310.24
MinimumVisualStudioVersion = 10.0.40219.1
Project("{FAE04EC0-301F-11D3-BF4B-00C04F79EFBC}") = "CSharpMasterclassProject", "CSharpMasterclassProject\CSharpMasterclassProject.csproj", "{DA32845D-9D4D-4FAD-8F2A-EB0019D204DC}"
EndProject
Project("{2150E333-8FDC-42A3-9474-1A3956D46DE8}") = "01-BasicTopics", "01-BasicTopics", "{B9897834-4799-2C28-1819-6090DCACC535}"
EndProject
Project("{FAE04EC0-301F-11D3-BF4B-00C04F79EFBC}") = "BasicTopics", "01-BasicTopics\BasicTopics.csproj", "{F950B1C7-6F66-430D-8B3C-6945351300D2}"
EndProject
Project("{2150E333-8FDC-42A3-9474-1A3956D46DE8}") = "02-Decisions", "02-Decisions", "{747487A0-3543-60A3-EBCE-C04BB17D7AAD}"
EndProject
Project("{FAE04EC0-301F-11D3-BF4B-00C04F79EFBC}") = "Decisions", "02-Decisions\Decisions.csproj", "{9E6245B2-BB62-43CA-B238-F96798B31C8E}"
EndProject
Project("{2150E333-8FDC-42A3-9474-1A3956D46DE8}") = "03-Loops", "03-Loops", "{89746742-5A02-6374-BB81-C4B4341D1638}"
EndProject
Project("{FAE04EC0-301F-11D3-BF4B-00C04F79EFBC}") = "Loops", "03-Loops\Loops.csproj", "{5747524F-ECD0-489E-958A-7C237784F3AC}"
EndProject
Project("{2150E333-8FDC-42A3-9474-1A3956D46DE8}") = "04-FunctionMethod", "04-FunctionMethod", "{6EB85FAC-B533-BD1B-4AAB-E20C551FCA7A}"
EndProject
Project("{FAE04EC0-301F-11D3-BF4B-00C04F79EFBC}") = "FuncMethod", "04-FunctionMethod\FuncMethod.csproj", "{4E221FB4-05B8-4749-9DD9-DAEA89CF14B9}"
EndProject
Project("{2150E333-8FDC-42A3-9474-1A3956D46DE8}") = "04-FunctionMethod-2", "04-FunctionMethod-2", "{79D29383-5927-9223-E4D3-14A9B358DAEC}"
EndProject
Project("{FAE04EC0-301F-11D3-BF4B-00C04F79EFBC}") = "FuncMethod2", "04-FunctionMethod-2\FuncMethod2.csproj", "{21AAEF00-123B-466C-A303-329D13BE28C5}"
EndProject
Project("{FAE04EC0-301F-11D3-BF4B-00C04F79EFBC}") = "OldStyle", "OldStyle\OldStyle.csproj", "{07FD6141-0DFB-4B06-896C-0DD27B441030}"
EndProject
Project("{2150E333-8FDC-42A3-9474-1A3956D46DE8}") = "05-ClassOopExample", "05-ClassOopExample", "{D3225FA5-03F5-383A-4611-C8BF31A8A50E}"
EndProject
Project("{FAE04EC0-301F-11D3-BF4B-00C04F79EFBC}") = "ClassOopExample", "05-ClassOopExample\ClassOopExample.csproj", "{5723A656-4EEF-432E-A823-4ADA19D910C2}"
EndProject
Project("{2150E333-8FDC-42A3-9474-1A3956D46DE8}") = "06-CollectionsExample", "06-CollectionsExample", "{6BE35D7C-8C75-69AF-F7FD-0610ADAFC3EB}"
EndProject
Project("{FAE04EC0-301F-11D3-BF4B-00C04F79EFBC}") = "CollectionsExample", "06-CollectionsExample\CollectionsExample.csproj", "{0F9A11DE-FF4D-43CF-B386-4DA3F3B75117}"
EndProject
Project("{2150E333-8FDC-42A3-9474-1A3956D46DE8}") = "07-ErrorHandling", "07-ErrorHandling", "{EB2F750A-4FB3-1837-179F-39444655C167}"
EndProject
Project("{FAE04EC0-301F-11D3-BF4B-00C04F79EFBC}") = "ErrorHandling", "07-ErrorHandling\ErrorHandling.csproj", "{B7CC9D6F-469B-438D-9F0F-2FF7A06C777C}"
EndProject
Project("{2150E333-8FDC-42A3-9474-1A3956D46DE8}") = "08-Inheritance", "08-Inheritance", "{DDD627D2-CD89-E59F-5317-4D549219E817}"
EndProject
Project("{FAE04EC0-301F-11D3-BF4B-00C04F79EFBC}") = "InheritanceExample", "08-Inheritance\InheritanceExample.csproj", "{541A2903-C658-4B0E-B447-D303D00E083F}"
EndProject
Project("{2150E333-8FDC-42A3-9474-1A3956D46DE8}") = "09-InterfaceNPolymorphism", "09-InterfaceNPolymorphism", "{C359D201-6920-0ED7-EB2A-6EE0F7393F47}"
EndProject
Project("{FAE04EC0-301F-11D3-BF4B-00C04F79EFBC}") = "PolyInterface", "09-InterfaceNPolymorphism\PolyInterface.csproj", "{595EE515-9504-41A0-AC99-FC9FF030C90E}"
EndProject
Project("{2150E333-8FDC-42A3-9474-1A3956D46DE8}") = "10-Structs", "10-Structs", "{6CB7780A-8038-AABC-C092-E5641B399BDC}"
EndProject
Project("{FAE04EC0-301F-11D3-BF4B-00C04F79EFBC}") = "StructExample", "10-Structs\StructExample.csproj", "{775DE160-A76D-4F01-B5AE-660F73904B27}"
EndProject
Global
	GlobalSection(SolutionConfigurationPlatforms) = preSolution
		Debug|Any CPU = Debug|Any CPU
		Debug|x64 = Debug|x64
		Debug|x86 = Debug|x86
		Release|Any CPU = Release|Any CPU
		Release|x64 = Release|x64
		Release|x86 = Release|x86
	EndGlobalSection
	GlobalSection(ProjectConfigurationPlatforms) = postSolution
		{DA32845D-9D4D-4FAD-8F2A-EB0019D204DC}.Debug|Any CPU.ActiveCfg = Debug|Any CPU
		{DA32845D-9D4D-4FAD-8F2A-EB0019D204DC}.Debug|Any CPU.Build.0 = Debug|Any CPU
		{DA32845D-9D4D-4FAD-8F2A-EB0019D204DC}.Debug|x64.ActiveCfg = Debug|Any CPU
		{DA32845D-9D4D-4FAD-8F2A-EB0019D204DC}.Debug|x64.Build.0 = Debug|Any CPU
		{DA32845D-9D4D-4FAD-8F2A-EB0019D204DC}.Debug|x86.ActiveCfg = Debug|Any CPU
		{DA32845D-9D4D-4FAD-8F2A-EB0019D204DC}.Debug|x86.Build.0 = Debug|Any CPU
		{DA32845D-9D4D-4FAD-8F2A-EB0019D204DC}.Release|Any CPU.ActiveCfg = Release|Any CPU
		{DA32845D-9D4D-4FAD-8F2A-EB0019D204DC}.Release|Any CPU.Build.0 = Release|Any CPU
		{DA32845D-9D4D-4FAD-8F2A-EB0019D204DC}.Release|x64.ActiveCfg = Release|Any CPU
		{DA32845D-9D4D-4FAD-8F2A-EB0019D204DC}.Release|x64.Build.0 = Release|Any CPU
		{DA32845D-9D4D-4FAD-8F2A-EB0019D204DC}.Release|x86.ActiveCfg = Release|Any CPU
		{DA32845D-9D4D-4FAD-8F2A-EB0019D204DC}.Release|x86.Build.0 = Release|Any CPU
		{F950B1C7-6F66-430D-8B3C-6945351300D2}.Debug|Any CPU.ActiveCfg = Debug|Any CPU
		{F950B1C7-6F66-430D-8B3C-6945351300D2}.Debug|Any CPU.Build.0 = Debug|Any CPU
		{F950B1C7-6F66-430D-8B3C-6945351300D2}.Debug|x64.ActiveCfg = Debug|Any CPU
		{F950B1C7-6F66-430D-8B3C-6945351300D2}.Debug|x64.Build.0 = Debug|Any CPU
		{F950B1C7-6F66-430D-8B3C-6945351300D2}.Debug|x86.ActiveCfg = Debug|Any CPU
		{F950B1C7-6F66-430D-8B3C-6945351300D2}.Debug|x86.Build.0 = Debug|Any CPU
		{F950B1C7-6F66-430D-8B3C-6945351300D2}.Release|Any CPU.ActiveCfg = Release|Any CPU
		{F950B1C7-6F66-430D-8B3C-6945351300D2}.Release|Any CPU.Build.0 = Release|Any CPU
		{F950B1C7-6F66-430D-8B3C-6945351300D2}.Release|x64.ActiveCfg = Release|Any CPU
		{F950B1C7-6F66-430D-8B3C-6945351300D2}.Release|x64.Build.0 = Release|Any CPU
		{F950B1C7-6F66-430D-8B3C-6945351300D2}.Release|x86.ActiveCfg = Release|Any CPU
		{F950B1C7-6F66-430D-8B3C-6945351300D2}.Release|x86.Build.0 = Release|Any CPU
		{9E6245B2-BB62-43CA-B238-F96798B31C8E}.Debug|Any CPU.ActiveCfg = Debug|Any CPU
		{9E6245B2-BB62-43CA-B238-F96798B31C8E}.Debug|Any CPU.Build.0 = Debug|Any CPU
		{9E6245B2-BB62-43CA-B238-F96798B31C8E}.Debug|x64.ActiveCfg = Debug|Any CPU
		{9E6245B2-BB62-43CA-B238-F96798B31C8E}.Debug|x64.Build.0 = Debug|Any CPU
		{9E6245B2-BB62-43CA-B238-F96798B31C8E}.Debug|x86.ActiveCfg = Debug|Any CPU
		{9E6245B2-BB62-43CA-B238-F96798B31C8E}.Debug|x86.Build.0 = Debug|Any CPU
		{9E6245B2-BB62-43CA-B238-F96798B31C8E}.Release|Any CPU.ActiveCfg = Release|Any CPU
		{9E6245B2-BB62-43CA-B238-F96798B31C8E}.Release|Any CPU.Build.0 = Release|Any CPU
		{9E6245B2-BB62-43CA-B238-F96798B31C8E}.Release|x64.ActiveCfg = Release|Any CPU
		{9E6245B2-BB62-43CA-B238-F96798B31C8E}.Release|x64.Build.0 = Release|Any CPU
		{9E6245B2-BB62-43CA-B238-F96798B31C8E}.Release|x86.ActiveCfg = Release|Any CPU
		{9E6245B2-BB62-43CA-B238-F96798B31C8E}.Release|x86.Build.0 = Release|Any CPU
		{5747524F-ECD0-489E-958A-7C237784F3AC}.Debug|Any CPU.ActiveCfg = Debug|Any CPU
		{5747524F-ECD0-489E-958A-7C237784F3AC}.Debug|Any CPU.Build.0 = Debug|Any CPU
		{5747524F-ECD0-489E-958A-7C237784F3AC}.Debug|x64.ActiveCfg = Debug|Any CPU
		{5747524F-ECD0-489E-958A-7C237784F3AC}.Debug|x64.Build.0 = Debug|Any CPU
		{5747524F-ECD0-489E-958A-7C237784F3AC}.Debug|x86.ActiveCfg = Debug|Any CPU
		{5747524F-ECD0-489E-958A-7C237784F3AC}.Debug|x86.Build.0 = Debug|Any CPU
		{5747524F-ECD0-489E-958A-7C237784F3AC}.Release|Any CPU.ActiveCfg = Release|Any CPU
		{5747524F-ECD0-489E-958A-7C237784F3AC}.Release|Any CPU.Build.0 = Release|Any CPU
		{5747524F-ECD0-489E-958A-7C237784F3AC}.Release|x64.ActiveCfg = Release|Any CPU
		{5747524F-ECD0-489E-958A-7C237784F3AC}.Release|x64.Build.0 = Release|Any CPU
		{5747524F-ECD0-489E-958A-7C237784F3AC}.Release|x86.ActiveCfg = Release|Any CPU
		{5747524F-ECD0-489E-958A-7C237784F3AC}.Release|x86.Build.0 = Release|Any CPU
		{4E221FB4-05B8-4749-9DD9-DAEA89CF14B9}.Debug|Any CPU.ActiveCfg = Debug|Any CPU
		{4E221FB4-05B8-4749-9DD9-DAEA89CF14B9}.Debug|Any CPU.Build.0 = Debug|Any CPU
		{4E221FB4-05B8-4749-9DD9-DAEA89CF14B9}.Debug|x64.ActiveCfg = Debug|Any CPU
		{4E221FB4-05B8-4749-9DD9-DAEA89CF14B9}.Debug|x64.Build.0 = Debug|Any CPU
		{4E221FB4-05B8-4749-9DD9-DAEA89CF14B9}.Debug|x86.ActiveCfg = Debug|Any CPU
		{4E221FB4-05B8-4749-9DD9-DAEA89CF14B9}.Debug|x86.Build.0 = Debug|Any CPU
		{4E221FB4-05B8-4749-9DD9-DAEA89CF14B9}.Release|Any CPU.ActiveCfg = Release|Any CPU
		{4E221FB4-05B8-4749-9DD9-DAEA89CF14B9}.Release|Any CPU.Build.0 = Release|Any CPU
		{4E221FB4-05B8-4749-9DD9-DAEA89CF14B9}.Release|x64.ActiveCfg = Release|Any CPU
		{4E221FB4-05B8-4749-9DD9-DAEA89CF14B9}.Release|x64.Build.0 = Release|Any CPU
		{4E221FB4-05B8-4749-9DD9-DAEA89CF14B9}.Release|x86.ActiveCfg = Release|Any CPU
		{4E221FB4-05B8-4749-9DD9-DAEA89CF14B9}.Release|x86.Build.0 = Release|Any CPU
		{21AAEF00-123B-466C-A303-329D13BE28C5}.Debug|Any CPU.ActiveCfg = Debug|Any CPU
		{21AAEF00-123B-466C-A303-329D13BE28C5}.Debug|Any CPU.Build.0 = Debug|Any CPU
		{21AAEF00-123B-466C-A303-329D13BE28C5}.Debug|x64.ActiveCfg = Debug|Any CPU
		{21AAEF00-123B-466C-A303-329D13BE28C5}.Debug|x64.Build.0 = Debug|Any CPU
		{21AAEF00-123B-466C-A303-329D13BE28C5}.Debug|x86.ActiveCfg = Debug|Any CPU
		{21AAEF00-123B-466C-A303-329D13BE28C5}.Debug|x86.Build.0 = Debug|Any CPU
		{21AAEF00-123B-466C-A303-329D13BE28C5}.Release|Any CPU.ActiveCfg = Release|Any CPU
		{21AAEF00-123B-466C-A303-329D13BE28C5}.Release|Any CPU.Build.0 = Release|Any CPU
		{21AAEF00-123B-466C-A303-329D13BE28C5}.Release|x64.ActiveCfg = Release|Any CPU
		{21AAEF00-123B-466C-A303-329D13BE28C5}.Release|x64.Build.0 = Release|Any CPU
		{21AAEF00-123B-466C-A303-329D13BE28C5}.Release|x86.ActiveCfg = Release|Any CPU
		{21AAEF00-123B-466C-A303-329D13BE28C5}.Release|x86.Build.0 = Release|Any CPU
		{07FD6141-0DFB-4B06-896C-0DD27B441030}.Debug|Any CPU.ActiveCfg = Debug|Any CPU
		{07FD6141-0DFB-4B06-896C-0DD27B441030}.Debug|Any CPU.Build.0 = Debug|Any CPU
		{07FD6141-0DFB-4B06-896C-0DD27B441030}.Debug|x64.ActiveCfg = Debug|Any CPU
		{07FD6141-0DFB-4B06-896C-0DD27B441030}.Debug|x64.Build.0 = Debug|Any CPU
		{07FD6141-0DFB-4B06-896C-0DD27B441030}.Debug|x86.ActiveCfg = Debug|Any CPU
		{07FD6141-0DFB-4B06-896C-0DD27B441030}.Debug|x86.Build.0 = Debug|Any CPU
		{07FD6141-0DFB-4B06-896C-0DD27B441030}.Release|Any CPU.ActiveCfg = Release|Any CPU
		{07FD6141-0DFB-4B06-896C-0DD27B441030}.Release|Any CPU.Build.0 = Release|Any CPU
		{07FD6141-0DFB-4B06-896C-0DD27B441030}.Release|x64.ActiveCfg = Release|Any CPU
		{07FD6141-0DFB-4B06-896C-0DD27B441030}.Release|x64.Build.0 = Release|Any CPU
		{07FD6141-0DFB-4B06-896C-0DD27B441030}.Release|x86.ActiveCfg = Release|Any CPU
		{07FD6141-0DFB-4B06-896C-0DD27B441030}.Release|x86.Build.0 = Release|Any CPU
		{5723A656-4EEF-432E-A823-4ADA19D910C2}.Debug|Any CPU.ActiveCfg = Debug|Any CPU
		{5723A656-4EEF-432E-A823-4ADA19D910C2}.Debug|Any CPU.Build.0 = Debug|Any CPU
		{5723A656-4EEF-432E-A823-4ADA19D910C2}.Debug|x64.ActiveCfg = Debug|Any CPU
		{5723A656-4EEF-432E-A823-4ADA19D910C2}.Debug|x64.Build.0 = Debug|Any CPU
		{5723A656-4EEF-432E-A823-4ADA19D910C2}.Debug|x86.ActiveCfg = Debug|Any CPU
		{5723A656-4EEF-432E-A823-4ADA19D910C2}.Debug|x86.Build.0 = Debug|Any CPU
		{5723A656-4EEF-432E-A823-4ADA19D910C2}.Release|Any CPU.ActiveCfg = Release|Any CPU
		{5723A656-4EEF-432E-A823-4ADA19D910C2}.Release|Any CPU.Build.0 = Release|Any CPU
		{5723A656-4EEF-432E-A823-4ADA19D910C2}.Release|x64.ActiveCfg = Release|Any CPU
		{5723A656-4EEF-432E-A823-4ADA19D910C2}.Release|x64.Build.0 = Release|Any CPU
		{5723A656-4EEF-432E-A823-4ADA19D910C2}.Release|x86.ActiveCfg = Release|Any CPU
		{5723A656-4EEF-432E-A823-4ADA19D910C2}.Release|x86.Build.0 = Release|Any CPU
		{0F9A11DE-FF4D-43CF-B386-4DA3F3B75117}.Debug|Any CPU.ActiveCfg = Debug|Any CPU
		{0F9A11DE-FF4D-43CF-B386-4DA3F3B75117}.Debug|Any CPU.Build.0 = Debug|Any CPU
		{0F9A11DE-FF4D-43CF-B386-4DA3F3B75117}.Debug|x64.ActiveCfg = Debug|Any CPU
		{0F9A11DE-FF4D-43CF-B386-4DA3F3B75117}.Debug|x64.Build.0 = Debug|Any CPU
		{0F9A11DE-FF4D-43CF-B386-4DA3F3B75117}.Debug|x86.ActiveCfg = Debug|Any CPU
		{0F9A11DE-FF4D-43CF-B386-4DA3F3B75117}.Debug|x86.Build.0 = Debug|Any CPU
		{0F9A11DE-FF4D-43CF-B386-4DA3F3B75117}.Release|Any CPU.ActiveCfg = Release|Any CPU
		{0F9A11DE-FF4D-43CF-B386-4DA3F3B75117}.Release|Any CPU.Build.0 = Release|Any CPU
		{0F9A11DE-FF4D-43CF-B386-4DA3F3B75117}.Release|x64.ActiveCfg = Release|Any CPU
		{0F9A11DE-FF4D-43CF-B386-4DA3F3B75117}.Release|x64.Build.0 = Release|Any CPU
		{0F9A11DE-FF4D-43CF-B386-4DA3F3B75117}.Release|x86.ActiveCfg = Release|Any CPU
		{0F9A11DE-FF4D-43CF-B386-4DA3F3B75117}.Release|x86.Build.0 = Release|Any CPU
		{B7CC9D6F-469B-438D-9F0F-2FF7A06C777C}.Debug|Any CPU.ActiveCfg = Debug|Any CPU
		{B7CC9D6F-469B-438D-9F0F-2FF7A06C777C}.Debug|Any CPU.Build.0 = Debug|Any CPU
		{B7CC9D6F-469B-438D-9F0F-2FF7A06C777C}.Debug|x64.ActiveCfg = Debug|Any CPU
		{B7CC9D6F-469B-438D-9F0F-2FF7A06C777C}.Debug|x64.Build.0 = Debug|Any CPU
		{B7CC9D6F-469B-438D-9F0F-2FF7A06C777C}.Debug|x86.ActiveCfg = Debug|Any CPU
		{B7CC9D6F-469B-438D-9F0F-2FF7A06C777C}.Debug|x86.Build.0 = Debug|Any CPU
		{B7CC9D6F-469B-438D-9F0F-2FF7A06C777C}.Release|Any CPU.ActiveCfg = Release|Any CPU
		{B7CC9D6F-469B-438D-9F0F-2FF7A06C777C}.Release|Any CPU.Build.0 = Release|Any CPU
		{B7CC9D6F-469B-438D-9F0F-2FF7A06C777C}.Release|x64.ActiveCfg = Release|Any CPU
		{B7CC9D6F-469B-438D-9F0F-2FF7A06C777C}.Release|x64.Build.0 = Release|Any CPU
		{B7CC9D6F-469B-438D-9F0F-2FF7A06C777C}.Release|x86.ActiveCfg = Release|Any CPU
		{B7CC9D6F-469B-438D-9F0F-2FF7A06C777C}.Release|x86.Build.0 = Release|Any CPU
		{541A2903-C658-4B0E-B447-D303D00E083F}.Debug|Any CPU.ActiveCfg = Debug|Any CPU
		{541A2903-C658-4B0E-B447-D303D00E083F}.Debug|Any CPU.Build.0 = Debug|Any CPU
		{541A2903-C658-4B0E-B447-D303D00E083F}.Debug|x64.ActiveCfg = Debug|Any CPU
		{541A2903-C658-4B0E-B447-D303D00E083F}.Debug|x64.Build.0 = Debug|Any CPU
		{541A2903-C658-4B0E-B447-D303D00E083F}.Debug|x86.ActiveCfg = Debug|Any CPU
		{541A2903-C658-4B0E-B447-D303D00E083F}.Debug|x86.Build.0 = Debug|Any CPU
		{541A2903-C658-4B0E-B447-D303D00E083F}.Release|Any CPU.ActiveCfg = Release|Any CPU
		{541A2903-C658-4B0E-B447-D303D00E083F}.Release|Any CPU.Build.0 = Release|Any CPU
		{541A2903-C658-4B0E-B447-D303D00E083F}.Release|x64.ActiveCfg = Release|Any CPU
		{541A2903-C658-4B0E-B447-D303D00E083F}.Release|x64.Build.0 = Release|Any CPU
		{541A2903-C658-4B0E-B447-D303D00E083F}.Release|x86.ActiveCfg = Release|Any CPU
		{541A2903-C658-4B0E-B447-D303D00E083F}.Release|x86.Build.0 = Release|Any CPU
		{595EE515-9504-41A0-AC99-FC9FF030C90E}.Debug|Any CPU.ActiveCfg = Debug|Any CPU
		{595EE515-9504-41A0-AC99-FC9FF030C90E}.Debug|Any CPU.Build.0 = Debug|Any CPU
		{595EE515-9504-41A0-AC99-FC9FF030C90E}.Debug|x64.ActiveCfg = Debug|Any CPU
		{595EE515-9504-41A0-AC99-FC9FF030C90E}.Debug|x64.Build.0 = Debug|Any CPU
		{595EE515-9504-41A0-AC99-FC9FF030C90E}.Debug|x86.ActiveCfg = Debug|Any CPU
		{595EE515-9504-41A0-AC99-FC9FF030C90E}.Debug|x86.Build.0 = Debug|Any CPU
		{595EE515-9504-41A0-AC99-FC9FF030C90E}.Release|Any CPU.ActiveCfg = Release|Any CPU
		{595EE515-9504-41A0-AC99-FC9FF030C90E}.Release|Any CPU.Build.0 = Release|Any CPU
		{595EE515-9504-41A0-AC99-FC9FF030C90E}.Release|x64.ActiveCfg = Release|Any CPU
		{595EE515-9504-41A0-AC99-FC9FF030C90E}.Release|x64.Build.0 = Release|Any CPU
		{595EE515-9504-41A0-AC99-FC9FF030C90E}.Release|x86.ActiveCfg = Release|Any CPU
		{595EE515-9504-41A0-AC99-FC9FF030C90E}.Release|x86.Build.0 = Release|Any CPU
		{775DE160-A76D-4F01-B5AE-660F73904B27}.Debug|Any CPU.ActiveCfg = Debug|Any CPU
		{775DE160-A76D-4F01-B5AE-660F73904B27}.Debug|Any CPU.Build.0 = Debug|Any CPU
		{775DE160-A76D-4F01-B5AE-660F73904B27}.Debug|x64.ActiveCfg = Debug|Any CPU
		{775DE160-A76D-4F01-B5AE-660F73904B27}.Debug|x64.Build.0 = Debug|Any CPU
		{775DE160-A76D-4F01-B5AE-660F73904B27}.Debug|x86.ActiveCfg = Debug|Any CPU
		{775DE160-A76D-4F01-B5AE-660F73904B27}.Debug|x86.Build.0 = Debug|Any CPU
		{775DE160-A76D-4F01-B5AE-660F73904B27}.Release|Any CPU.ActiveCfg = Release|Any CPU
		{775DE160-A76D-4F01-B5AE-660F73904B27}.Release|Any CPU.Build.0 = Release|Any CPU
		{775DE160-A76D-4F01-B5AE-660F73904B27}.Release|x64.ActiveCfg = Release|Any CPU
		{775DE160-A76D-4F01-B5AE-660F73904B27}.Release|x64.Build.0 = Release|Any CPU
		{775DE160-A76D-4F01-B5AE-660F73904B27}.Release|x86.ActiveCfg = Release|Any CPU
		{775DE160-A76D-4F01-B5AE-660F73904B27}.Release|x86.Build.0 = Release|Any CPU
	EndGlobalSection
	GlobalSection(SolutionProperties) = preSolution
		HideSolutionNode = FALSE
	EndGlobalSection
	GlobalSection(NestedProjects) = preSolution
		{F950B1C7-6F66-430D-8B3C-6945351300D2} = {B9897834-4799-2C28-1819-6090DCACC535}
		{9E6245B2-BB62-43CA-B238-F96798B31C8E} = {747487A0-3543-60A3-EBCE-C04BB17D7AAD}
		{5747524F-ECD0-489E-958A-7C237784F3AC} = {89746742-5A02-6374-BB81-C4B4341D1638}
		{4E221FB4-05B8-4749-9DD9-DAEA89CF14B9} = {6EB85FAC-B533-BD1B-4AAB-E20C551FCA7A}
		{21AAEF00-123B-466C-A303-329D13BE28C5} = {79D29383-5927-9223-E4D3-14A9B358DAEC}
		{5723A656-4EEF-432E-A823-4ADA19D910C2} = {D3225FA5-03F5-383A-4611-C8BF31A8A50E}
		{0F9A11DE-FF4D-43CF-B386-4DA3F3B75117} = {6BE35D7C-8C75-69AF-F7FD-0610ADAFC3EB}
		{B7CC9D6F-469B-438D-9F0F-2FF7A06C777C} = {EB2F750A-4FB3-1837-179F-39444655C167}
		{541A2903-C658-4B0E-B447-D303D00E083F} = {DDD627D2-CD89-E59F-5317-4D549219E817}
		{595EE515-9504-41A0-AC99-FC9FF030C90E} = {C359D201-6920-0ED7-EB2A-6EE0F7393F47}
		{775DE160-A76D-4F01-B5AE-660F73904B27} = {6CB7780A-8038-AABC-C092-E5641B399BDC}
	EndGlobalSection
	GlobalSection(ExtensibilityGlobals) = postSolution
		SolutionGuid = {3272505D-6B8D-46E8-AD0A-E2EF2310CE55}
	EndGlobalSection
EndGlobal
